
Microsoft Visual Studio Solution File, Format Version 12.00
# Visual Studio Version 17
VisualStudioVersion = 17.8.34322.80
MinimumVisualStudioVersion = 10.0.40219.1
Project("{FAE04EC0-301F-11D3-BF4B-00C04F79EFBC}") = "SENAI-Atividade", "SENAI-Atividade\SENAI-Atividade.csproj", "{8F289220-C0A7-4CB9-A543-5C52C4B0B79B}"
EndProject
Global
	GlobalSection(SolutionConfigurationPlatforms) = preSolution
		Debug|Any CPU = Debug|Any CPU
		Release|Any CPU = Release|Any CPU
	EndGlobalSection
	GlobalSection(ProjectConfigurationPlatforms) = postSolution
		{8F289220-C0A7-4CB9-A543-5C52C4B0B79B}.Debug|Any CPU.ActiveCfg = Debug|Any CPU
		{8F289220-C0A7-4CB9-A543-5C52C4B0B79B}.Debug|Any CPU.Build.0 = Debug|Any CPU
		{8F289220-C0A7-4CB9-A543-5C52C4B0B79B}.Release|Any CPU.ActiveCfg = Release|Any CPU
		{8F289220-C0A7-4CB9-A543-5C52C4B0B79B}.Release|Any CPU.Build.0 = Release|Any CPU
	EndGlobalSection
	GlobalSection(SolutionProperties) = preSolution
		HideSolutionNode = FALSE
	EndGlobalSection
	GlobalSection(ExtensibilityGlobals) = postSolution
		SolutionGuid = {EC232B4C-5FF9-4BAE-A077-950A23E34E37}
	EndGlobalSection
EndGlobal
